
Microsoft Visual Studio Solution File, Format Version 12.00
# Visual Studio Version 16
VisualStudioVersion = 16.0.31829.152
MinimumVisualStudioVersion = 10.0.40219.1
Project("{FAE04EC0-301F-11D3-BF4B-00C04F79EFBC}") = "WebApplication3", "WebApplication3\WebApplication3.csproj", "{3891D5A0-7968-4C03-A60C-1AF520B4EF33}"
EndProject
Global
	GlobalSection(SolutionConfigurationPlatforms) = preSolution
		Debug|Any CPU = Debug|Any CPU
		Release|Any CPU = Release|Any CPU
	EndGlobalSection
	GlobalSection(ProjectConfigurationPlatforms) = postSolution
		{3891D5A0-7968-4C03-A60C-1AF520B4EF33}.Debug|Any CPU.ActiveCfg = Debug|Any CPU
		{3891D5A0-7968-4C03-A60C-1AF520B4EF33}.Debug|Any CPU.Build.0 = Debug|Any CPU
		{3891D5A0-7968-4C03-A60C-1AF520B4EF33}.Release|Any CPU.ActiveCfg = Release|Any CPU
		{3891D5A0-7968-4C03-A60C-1AF520B4EF33}.Release|Any CPU.Build.0 = Release|Any CPU
	EndGlobalSection
	GlobalSection(SolutionProperties) = preSolution
		HideSolutionNode = FALSE
	EndGlobalSection
	GlobalSection(ExtensibilityGlobals) = postSolution
		SolutionGuid = {CBC2FF52-B216-48AC-B1E5-2E2CAAF2ACEC}
	EndGlobalSection
EndGlobal
